# Prisma Migrate lockfile v1

20200727151942-migration
20200727162029-migration
20200808125944-migration
20200808132358-migration
20200808134303-migration
20200808134327-migration
20200808134848-migration
20200813100805-migration
20200813101547-migration
20200813103531-migration
20200818100906-migration
20200818101350-migration
20200818102136-migration